{
  "meteor": {},
  "dependencies": {
    "basePackages": {
      "bootstrap-3": {},
      "moment": {},
      "bootboxjs": {},
      "select2": {},
      "select2-bootstrap3-css": {},
      "morris": {},
      "accounts-ui-bootstrap-3": {},
      "postgresql": {},
      "iron-router": {},
      "collection2": {},
      "autoform": {},
      "roles": {},
      "accounts-admin-ui-bootstrap-3": {}
    },
    "packages": {
      "bootstrap-3": {
        "git": "https://github.com/mangasocial/meteor-bootstrap-3.git",
        "tag": "v3.1.1-1",
        "commit": "63dd38968828bb8963636df93e9a1c45e2dfe67e"
      },
      "moment": {
        "git": "https://github.com/acreeger/meteor-moment.git",
        "tag": "v2.6.0",
        "commit": "26156df681750fd6e6ed77043eef32b6653ebbdf"
      },
      "bootboxjs": {
        "git": "https://github.com/TimHeckel/meteor-bootboxjs.git",
        "tag": "v4.2.0",
        "commit": "2b7d18ad028d9e7b37238ecf2a8a7970735cebd1"
      },
      "select2": {
        "git": "https://github.com/nate-strauser/meteor-select2.git",
        "tag": "v3.4.5",
        "commit": "4a8d05582b949a14f0ee217c185166abbf112822"
      },
      "select2-bootstrap3-css": {
        "git": "https://github.com/esperadomedia/meteor-select2-bootstrap3-css.git",
        "tag": "v0.0.5",
        "commit": "ac0c74d4b110c4c5149f17bb33c3e9bb4f77eb88"
      },
      "morris": {
        "git": "https://github.com/chhib/meteor-morris.git",
        "tag": "v0.0.1",
        "commit": "34416106d7d4c978cc21c651a3ae6629a3f2132d"
      },
      "accounts-ui-bootstrap-3": {
        "git": "https://github.com/mangasocial/meteor-accounts-ui-bootstrap-3.git",
        "tag": "v0.3.0-1",
        "commit": "93ffa5d0e325dc7026de89f6d90c178fa04bdd3a"
      },
      "postgresql": {
        "git": "https://github.com/austinrivas/meteor-postgresql",
        "tag": "v2.11.3",
        "commit": "f2d43b1a5b57c67ca1546c3a67535e89d791cb2b"
      },
      "iron-router": {
        "git": "https://github.com/EventedMind/iron-router.git",
        "tag": "v0.7.1",
        "commit": "d1ffb3f06ea4c112132b030f2eb1a70b81675ecb"
      },
      "collection2": {
        "git": "https://github.com/aldeed/meteor-collection2.git",
        "tag": "v0.4.1",
        "commit": "a9ffc9b285c3af8ad631f9cda4851b0ffc30c5ce"
      },
      "autoform": {
        "git": "https://github.com/aldeed/meteor-autoform.git",
        "tag": "v0.13.0",
        "commit": "3f294ddf3ed0acae714d5ceb8a806b25cdcd0197"
      },
      "roles": {
        "git": "https://github.com/alanning/meteor-roles.git",
        "tag": "v1.2.9",
        "commit": "969b17fac5dfec66b6b12bfce4e37471d1a241d4"
      },
      "accounts-admin-ui-bootstrap-3": {
        "git": "https://github.com/hharnisc/meteor-accounts-admin-ui-bootstrap-3.git",
        "tag": "v0.2.6",
        "commit": "fe74692303daf73d440f2729010bcf1557af62ca"
      },
      "raphael": {
        "git": "https://github.com/chhib/meteor-raphael.git",
        "tag": "v0.0.1",
        "commit": "a90a37d8562bb7d2ddd559801caf61e28b85da4e"
      },
      "blaze-layout": {
        "git": "https://github.com/EventedMind/blaze-layout.git",
        "tag": "v0.2.4",
        "commit": "b40e9b0612329288d75cf52ad14a7da64bb8618f"
      },
      "simple-schema": {
        "git": "https://github.com/aldeed/meteor-simple-schema.git",
        "tag": "v0.5.1",
        "commit": "a29956b34d03a4591dbd0eaed9d37009ef48b8db"
      }
    }
  }
}
